{
    "_meta": {
        "hash": {
            "sha256": "eaee7ec04684d9309a0e9e0d143bdca32c790580377cdd44e48e3e367889c644"
        },
        "pipfile-spec": 6,
        "requires": {
            "python_version": "3.11"
        },
        "sources": [
            {
                "name": "pypi",
                "url": "https://pypi.org/simple",
                "verify_ssl": true
            }
        ]
    },
    "default": {
        "llvmlite": {
            "hashes": [
                "sha256:013000a11df84a8b5e4f7fbf2513896ca48441c527d9ae8e375da92bc5575d08",
                "sha256:0c79cb7e88403d6c64385bf1e63797af0884caf1f4afa3c8c4bbef1920e28148",
                "sha256:0d94e531c763340344198f2c31af6af7b665e9cd2b354e31afa5cf4abfce0a8e",
                "sha256:21191c6a9fb4a86d71ec72debbaf39db49590a950c8a2a4ac792c41d16b0a61a",
                "sha256:24b3f7e258ea7c07ebf9f70c772e25619de8d207192254beb7644b818a97440b",
                "sha256:27d9d11c8dcdb8a8e14e92d0be5bba60f15bdf2fc116b8d27cab40221093a1b0",
                "sha256:57c0a3fd031936461f9f24f4cace80a86c9ba09d8b02fa87c209607aae2463cb",
                "sha256:6c40e290d930b09bbebe0d05c750b8a9e20af147e8cec8d62aa42e874f46dbfa",
                "sha256:6e477d23afbdddb3dde789d29a771e23bcfa1b12485156370dba9df05d529d94",
                "sha256:70feadac822f8840f2db6cbb662f1b349fe5d375d8ceb9c907f3919e005dc705",
                "sha256:741bb2ab7712c4763483189f0684163fb3ac44087c617698c50654c7d7ab6a24",
                "sha256:7d41db345d76d2dfa31871178ce0d8e9fd8aa015aa1b7d4dab84b5cb393901e0",
                "sha256:8218d307bd89535207fea1cc1ef5498afcb6d0203153dba214058715fecdb699",
                "sha256:876cd5f53cfe51d3a5cf7952dc1a25bd6158f5795739b1f8159c3591b32ed3cb",
                "sha256:93ce07a0a6d98ff2fcc34e7d2d315d8d09f6a737539e089f1a8cbe4a3a0313bf",
                "sha256:a4af8722ad6cb0dd2d5454ebc5a7bf90867df5f3fcb0787396a3261052caefda",
                "sha256:acc81c1279f858e5eab460844cc381e30d6666bc8eea04724b54d4eeb1fd1e54",
                "sha256:d8997264291e822689f7d6df4716638f35ff586bef5b8be40e2ba77d6bd9405c",
                "sha256:dabfb1a28d26b8c01228f59aec90a61324203dda6b1465c596d577d6380545e8",
                "sha256:de31585b867e8d9bae0c15f03e8bf541afcff66ffa5f61e401a738274702bdcd",
                "sha256:f150e127d6bc0e74633b8ba210776b0b6fdc82af6dfebf0794318ea97634acd0",
                "sha256:f1b5df30581eb8dbdee0e17a1217debb1d7dcd61a092a09726afff441dad5a67",
                "sha256:f7b7022f1e2f652722ddd5697987f1aeaf0c9a64f2ee324e03f6e060b28a1bbd",
                "sha256:fe265129ecd18957d3653cfb17df1632fa2c57fd0bac1960bc20a8c3ca961197"
            ],
            "markers": "python_version >= '3.8'",
            "version": "==0.41.0"
        },
        "numba": {
            "hashes": [
                "sha256:0734614d3e92eb01f848b8595be116f9c8ad997f8cf77672f3ba53c511f1429d",
                "sha256:0ce322178ff7006b7f50dad25b042ef64c6393f2fafafa79c0498d789b1aac27",
                "sha256:0d7a5e81e4047a23986f816b48ac46616ceb4eadbff6bbe739944d36b3bdbfe7",
                "sha256:121bf98a2b02e0611af3bfab3995fed990db58c4bfc6c225332ccdaf37e312e7",
                "sha256:2f146c11af62ad25021d93fccf48715a96d1ea76d43c1c3bc97dca561c6a2693",
                "sha256:398ab539257df8e980ec2f9cdfae836bb965fadc2dd30db3fcfbf3aefa542836",
                "sha256:477f429bb593dd3fc8d84b44f199e8e30268a7cfeb96c8464cb393d401de4f45",
                "sha256:48bcaae337ee450e38bf3796b4e1a166909c339f1757b6110e6adcf42c1e6c3e",
                "sha256:5cee5f22f7fbb2ef445e422aeafe5d38bf71a52c8bb34d22c1e145afa4034d6b",
                "sha256:7e182f3296dfcbafcd23b9263baeb350ad5adcacd081f1b3ec927a9fb325cca8",
                "sha256:7ee9f5fd962e0ada0e68df67a6ff881f95b45e0ae7cb96141e913337040d490b",
                "sha256:8059ee491651885f89655f08856a107aa610e3355b373f3b7437f1da96f09703",
                "sha256:8a9b69cc6259131791822c5eb893b03cd9372f4aae669d020500565b6d5d80bc",
                "sha256:8bd9edd27ab29e80bcf4083f9955c4a8871075a13a370b3bef99f81e184541fa",
                "sha256:9dade55ee5f1b8c5e3e0db95449fdc5b7b4244c1a7fa133bd664cbfc1027bafe",
                "sha256:a5f99806d5c9671dc927a8a489bc0c88e79be51e9775d6a3c68dbfdf585cd7e9",
                "sha256:e5d5a318dc65a101ef846d7fd93f3cf2f7942494019e8342e51238b360739125",
                "sha256:e61a1fa0ab7d290f0a43d8523b372f96765db6ceb6a691660c17e9ed609cb470",
                "sha256:e7b42b23c36cf08fcfe1a8f2acf3a0af95b41f9ee07fc81b28d7b9b5ada85d8c",
                "sha256:f3934eab4eb1c07c8f067e99350b99f70b2ca77d5aa3911d365643171f771157",
                "sha256:f80aee7889e82ab9c4770e02b21ca4e3ca15cc8c829c173fc27b77ab0529b5cb"
            ],
            "index": "pypi",
            "version": "==0.58.0"
        },
        "numpy": {
            "hashes": [
                "sha256:0d60fbae8e0019865fc4784745814cff1c421df5afee233db6d88ab4f14655a2",
                "sha256:1a1329e26f46230bf77b02cc19e900db9b52f398d6722ca853349a782d4cff55",
                "sha256:1b9735c27cea5d995496f46a8b1cd7b408b3f34b6d50459d9ac8fe3a20cc17bf",
                "sha256:2792d23d62ec51e50ce4d4b7d73de8f67a2fd3ea710dcbc8563a51a03fb07b01",
                "sha256:3e0746410e73384e70d286f93abf2520035250aad8c5714240b0492a7302fdca",
                "sha256:4c3abc71e8b6edba80a01a52e66d83c5d14433cbcd26a40c329ec7ed09f37901",
                "sha256:5883c06bb92f2e6c8181df7b39971a5fb436288db58b5a1c3967702d4278691d",
                "sha256:5c97325a0ba6f9d041feb9390924614b60b99209a71a69c876f71052521d42a4",
                "sha256:60e7f0f7f6d0eee8364b9a6304c2845b9c491ac706048c7e8cf47b83123b8dbf",
                "sha256:76b4115d42a7dfc5d485d358728cdd8719be33cc5ec6ec08632a5d6fca2ed380",
                "sha256:7dc869c0c75988e1c693d0e2d5b26034644399dd929bc049db55395b1379e044",
                "sha256:834b386f2b8210dca38c71a6e0f4fd6922f7d3fcff935dbe3a570945acb1b545",
                "sha256:8b77775f4b7df768967a7c8b3567e309f617dd5e99aeb886fa14dc1a0791141f",
                "sha256:90319e4f002795ccfc9050110bbbaa16c944b1c37c0baeea43c5fb881693ae1f",
                "sha256:b79e513d7aac42ae918db3ad1341a015488530d0bb2a6abcbdd10a3a829ccfd3",
                "sha256:bb33d5a1cf360304754913a350edda36d5b8c5331a8237268c48f91253c3a364",
                "sha256:bec1e7213c7cb00d67093247f8c4db156fd03075f49876957dca4711306d39c9",
                "sha256:c5462d19336db4560041517dbb7759c21d181a67cb01b36ca109b2ae37d32418",
                "sha256:c5652ea24d33585ea39eb6a6a15dac87a1206a692719ff45d53c5282e66d4a8f",
                "sha256:d7806500e4f5bdd04095e849265e55de20d8cc4b661b038957354327f6d9b295",
                "sha256:db3ccc4e37a6873045580d413fe79b68e47a681af8db2e046f1dacfa11f86eb3",
                "sha256:dfe4a913e29b418d096e696ddd422d8a5d13ffba4ea91f9f60440a3b759b0187",
                "sha256:eb942bfb6f84df5ce05dbf4b46673ffed0d3da59f13635ea9b926af3deb76926",
                "sha256:f08f2e037bba04e707eebf4bc934f1972a315c883a9e0ebfa8a7756eabf9e357",
                "sha256:fd608e19c8d7c55021dffd43bfe5492fab8cc105cc8986f813f8c3c048b38760"
            ],
            "index": "pypi",
            "version": "==1.25.2"
        }
    },
    "develop": {}
}
